Microsoft Visual Studio Solution File, Format Version 12.00
# Visual Studio Version 17
VisualStudioVersion = 17.5.2.0
MinimumVisualStudioVersion = 10.0.40219.1
Project("{FAE04EC0-301F-11D3-BF4B-00C04F79EFBC}") = "HubDataAppAPI", "HubDataAppAPI.csproj", "{2BE58C61-643F-1273-D094-CC08CD671BE5}"
EndProject
Global
	GlobalSection(SolutionConfigurationPlatforms) = preSolution
		Debug|Any CPU = Debug|Any CPU
		Release|Any CPU = Release|Any CPU
	EndGlobalSection
	GlobalSection(ProjectConfigurationPlatforms) = postSolution
		{2BE58C61-643F-1273-D094-CC08CD671BE5}.Debug|Any CPU.ActiveCfg = Debug|Any CPU
		{2BE58C61-643F-1273-D094-CC08CD671BE5}.Debug|Any CPU.Build.0 = Debug|Any CPU
		{2BE58C61-643F-1273-D094-CC08CD671BE5}.Release|Any CPU.ActiveCfg = Release|Any CPU
		{2BE58C61-643F-1273-D094-CC08CD671BE5}.Release|Any CPU.Build.0 = Release|Any CPU
	EndGlobalSection
	GlobalSection(SolutionProperties) = preSolution
		HideSolutionNode = FALSE
	EndGlobalSection
	GlobalSection(ExtensibilityGlobals) = postSolution
		SolutionGuid = {5B7F6F8B-3944-4724-AF8D-518964459631}
	EndGlobalSection
EndGlobal
